lockfileVersion: '9.0'

settings:
  autoInstallPeers: true
  excludeLinksFromLockfile: false

importers:

  .:
    devDependencies:
      '@async/pipeline':
        specifier: 0.9.30
        version: 0.9.30
      typescript:
        specifier: 5.9.3
        version: 5.9.3

packages:

  '@async/pipeline@0.9.30':
    resolution: {integrity: sha512-mnds6f6A/AawgUSUBvPamEyw5DeM4FesptamXVwQrBLNF0/Oa71c7qYxWG+7RnpHJvVmxnDWkf2c/wBU26MXgA==}
    engines: {node: '>=24'}
    hasBin: true

  typescript@5.9.3:
    resolution: {integrity: sha512-jl1vZzPDinLr9eUt3J/t7V6FgNEw9QjvBPdysz9KfQDD41fQrC2Y4vKQdiaUpFT4bXlb1RHhLpp8wtm6M5TgSw==}
    engines: {node: '>=14.17'}
    hasBin: true

snapshots:

  '@async/pipeline@0.9.30': {}

  typescript@5.9.3: {}
