lockfileVersion: '9.0'

settings:
  autoInstallPeers: true
  excludeLinksFromLockfile: false

importers:

  .:
    devDependencies:
      '@async/pipeline':
        specifier: 0.9.30
        version: 0.9.30

packages:

  '@async/pipeline@0.9.30':
    resolution: {integrity: sha512-mnds6f6A/AawgUSUBvPamEyw5DeM4FesptamXVwQrBLNF0/Oa71c7qYxWG+7RnpHJvVmxnDWkf2c/wBU26MXgA==}
    engines: {node: '>=24'}
    hasBin: true

snapshots:

  '@async/pipeline@0.9.30': {}
